
Microsoft Visual Studio Solution File, Format Version 12.00
# Visual Studio 15
VisualStudioVersion = 15.0.26430.4
MinimumVisualStudioVersion = 10.0.40219.1
Project("{FAE04EC0-301F-11D3-BF4B-00C04F79EFBC}") = "Server", "Server\Server.csproj", "{A658EA60-6684-487F-92B4-8D10305319A3}"
EndProject
Project("{FAE04EC0-301F-11D3-BF4B-00C04F79EFBC}") = "Client", "Client\Client.csproj", "{E7978CEC-8364-46E0-AB3E-EBE6FA10E91A}"
EndProject
Project("{FAE04EC0-301F-11D3-BF4B-00C04F79EFBC}") = "ClientForm", "ClientForm\ClientForm.csproj", "{7ED778F9-3FA4-4669-9FE1-FA607F08B821}"
EndProject
Project("{FAE04EC0-301F-11D3-BF4B-00C04F79EFBC}") = "NetMessages", "NetMessages\NetMessages.csproj", "{6D497BC4-FCA7-440A-8E41-3EDE80F1C593}"
EndProject
Global
	GlobalSection(SolutionConfigurationPlatforms) = preSolution
		Debug|Any CPU = Debug|Any CPU
		Release|Any CPU = Release|Any CPU
	EndGlobalSection
	GlobalSection(ProjectConfigurationPlatforms) = postSolution
		{A658EA60-6684-487F-92B4-8D10305319A3}.Debug|Any CPU.ActiveCfg = Debug|Any CPU
		{A658EA60-6684-487F-92B4-8D10305319A3}.Debug|Any CPU.Build.0 = Debug|Any CPU
		{A658EA60-6684-487F-92B4-8D10305319A3}.Release|Any CPU.ActiveCfg = Release|Any CPU
		{A658EA60-6684-487F-92B4-8D10305319A3}.Release|Any CPU.Build.0 = Release|Any CPU
		{E7978CEC-8364-46E0-AB3E-EBE6FA10E91A}.Debug|Any CPU.ActiveCfg = Debug|Any CPU
		{E7978CEC-8364-46E0-AB3E-EBE6FA10E91A}.Debug|Any CPU.Build.0 = Debug|Any CPU
		{E7978CEC-8364-46E0-AB3E-EBE6FA10E91A}.Release|Any CPU.ActiveCfg = Release|Any CPU
		{E7978CEC-8364-46E0-AB3E-EBE6FA10E91A}.Release|Any CPU.Build.0 = Release|Any CPU
		{7ED778F9-3FA4-4669-9FE1-FA607F08B821}.Debug|Any CPU.ActiveCfg = Debug|Any CPU
		{7ED778F9-3FA4-4669-9FE1-FA607F08B821}.Debug|Any CPU.Build.0 = Debug|Any CPU
		{7ED778F9-3FA4-4669-9FE1-FA607F08B821}.Release|Any CPU.ActiveCfg = Release|Any CPU
		{7ED778F9-3FA4-4669-9FE1-FA607F08B821}.Release|Any CPU.Build.0 = Release|Any CPU
		{6D497BC4-FCA7-440A-8E41-3EDE80F1C593}.Debug|Any CPU.ActiveCfg = Debug|Any CPU
		{6D497BC4-FCA7-440A-8E41-3EDE80F1C593}.Debug|Any CPU.Build.0 = Debug|Any CPU
		{6D497BC4-FCA7-440A-8E41-3EDE80F1C593}.Release|Any CPU.ActiveCfg = Release|Any CPU
		{6D497BC4-FCA7-440A-8E41-3EDE80F1C593}.Release|Any CPU.Build.0 = Release|Any CPU
	EndGlobalSection
	GlobalSection(SolutionProperties) = preSolution
		HideSolutionNode = FALSE
	EndGlobalSection
EndGlobal
